
Microsoft Visual Studio Solution File, Format Version 12.00
# Visual Studio Version 17
VisualStudioVersion = 17.3.32901.215
MinimumVisualStudioVersion = 10.0.40219.1
Project("{FAE04EC0-301F-11D3-BF4B-00C04F79EFBC}") = "Assignment_8_Artur_Pushkov", "Assignment_8_Artur_Pushkov\Assignment_8_Artur_Pushkov.csproj", "{89E8BDFC-1EA5-4A07-AF15-D7A5B694CD51}"
EndProject
Global
	GlobalSection(SolutionConfigurationPlatforms) = preSolution
		Debug|Any CPU = Debug|Any CPU
		Release|Any CPU = Release|Any CPU
	EndGlobalSection
	GlobalSection(ProjectConfigurationPlatforms) = postSolution
		{89E8BDFC-1EA5-4A07-AF15-D7A5B694CD51}.Debug|Any CPU.ActiveCfg = Debug|Any CPU
		{89E8BDFC-1EA5-4A07-AF15-D7A5B694CD51}.Debug|Any CPU.Build.0 = Debug|Any CPU
		{89E8BDFC-1EA5-4A07-AF15-D7A5B694CD51}.Release|Any CPU.ActiveCfg = Release|Any CPU
		{89E8BDFC-1EA5-4A07-AF15-D7A5B694CD51}.Release|Any CPU.Build.0 = Release|Any CPU
	EndGlobalSection
	GlobalSection(SolutionProperties) = preSolution
		HideSolutionNode = FALSE
	EndGlobalSection
	GlobalSection(ExtensibilityGlobals) = postSolution
		SolutionGuid = {42A55734-3484-43D9-A769-5E6DA146668B}
	EndGlobalSection
EndGlobal
